// !$*UTF8*$!
{
	archiveVersion = 1;
	classes = {
	};
	objectVersion = 56;
	objects = {

/* Begin PBXBuildFile section */
		6FBEFAC9F44A94782F9F6246 /* Pods_WeatherTestApp22.framework in Frameworks */ = {isa = PBXBuildFile; fileRef = BFE0DA8F51223059911AF145 /* Pods_WeatherTestApp22.framework */; };
		8B0C23DA2946972E0015B9F4 /* Colors.xcassets in Resources */ = {isa = PBXBuildFile; fileRef = 8B0C23D92946972E0015B9F4 /* Colors.xcassets */; };
		8B0C23DC2946A41F0015B9F4 /* WeatherEndpoints.swift in Sources */ = {isa = PBXBuildFile; fileRef = 8B0C23DB2946A41F0015B9F4 /* WeatherEndpoints.swift */; };
		8B0C23DE2946A67F0015B9F4 /* Forecast.swift in Sources */ = {isa = PBXBuildFile; fileRef = 8B0C23DD2946A67F0015B9F4 /* Forecast.swift */; };
		8B64C66B29465F4300652D80 /* AppDelegate.swift in Sources */ = {isa = PBXBuildFile; fileRef = 8B64C66A29465F4300652D80 /* AppDelegate.swift */; };
		8B64C66D29465F4300652D80 /* SceneDelegate.swift in Sources */ = {isa = PBXBuildFile; fileRef = 8B64C66C29465F4300652D80 /* SceneDelegate.swift */; };
		8B64C67429465F4500652D80 /* Assets.xcassets in Resources */ = {isa = PBXBuildFile; fileRef = 8B64C67329465F4500652D80 /* Assets.xcassets */; };
		8B64C67729465F4500652D80 /* LaunchScreen.storyboard in Resources */ = {isa = PBXBuildFile; fileRef = 8B64C67529465F4500652D80 /* LaunchScreen.storyboard */; };
		8B64C687294668BE00652D80 /* BaseCoordinator.swift in Sources */ = {isa = PBXBuildFile; fileRef = 8B64C686294668BE00652D80 /* BaseCoordinator.swift */; };
		8B64C6892946690F00652D80 /* AppCoordinator.swift in Sources */ = {isa = PBXBuildFile; fileRef = 8B64C6882946690F00652D80 /* AppCoordinator.swift */; };
		8B64C69329466C6700652D80 /* MainViewController.swift in Sources */ = {isa = PBXBuildFile; fileRef = 8B64C69129466C6700652D80 /* MainViewController.swift */; };
		8B64C69429466C6700652D80 /* MainViewController.xib in Resources */ = {isa = PBXBuildFile; fileRef = 8B64C69229466C6700652D80 /* MainViewController.xib */; };
		8B64C69729466EAC00652D80 /* MapViewController.swift in Sources */ = {isa = PBXBuildFile; fileRef = 8B64C69529466EAC00652D80 /* MapViewController.swift */; };
		8B64C69829466EAC00652D80 /* MapViewController.xib in Resources */ = {isa = PBXBuildFile; fileRef = 8B64C69629466EAC00652D80 /* MapViewController.xib */; };
		8B64C69B29466EC400652D80 /* SearchViewController.swift in Sources */ = {isa = PBXBuildFile; fileRef = 8B64C69929466EC400652D80 /* SearchViewController.swift */; };
		8B64C69C29466EC400652D80 /* SearchViewController.xib in Resources */ = {isa = PBXBuildFile; fileRef = 8B64C69A29466EC400652D80 /* SearchViewController.xib */; };
		8B64C69E2946700500652D80 /* MainCoordinator.swift in Sources */ = {isa = PBXBuildFile; fileRef = 8B64C69D2946700500652D80 /* MainCoordinator.swift */; };
		8B64C6A02946702B00652D80 /* MainViewModel.swift in Sources */ = {isa = PBXBuildFile; fileRef = 8B64C69F2946702B00652D80 /* MainViewModel.swift */; };
		8B64C6A6294680D000652D80 /* HeaderView.swift in Sources */ = {isa = PBXBuildFile; fileRef = 8B64C6A5294680D000652D80 /* HeaderView.swift */; };
		8B64C6AA2946811000652D80 /* HourForecastCollectionViewCell.swift in Sources */ = {isa = PBXBuildFile; fileRef = 8B64C6A82946811000652D80 /* HourForecastCollectionViewCell.swift */; };
		8B64C6AB2946811000652D80 /* HourForecastCollectionViewCell.xib in Resources */ = {isa = PBXBuildFile; fileRef = 8B64C6A92946811000652D80 /* HourForecastCollectionViewCell.xib */; };
		8B64C6B02946814300652D80 /* DayForecastTableViewCell.swift in Sources */ = {isa = PBXBuildFile; fileRef = 8B64C6AE2946814300652D80 /* DayForecastTableViewCell.swift */; };
		8B64C6B12946814300652D80 /* DayForecastTableViewCell.xib in Resources */ = {isa = PBXBuildFile; fileRef = 8B64C6AF2946814300652D80 /* DayForecastTableViewCell.xib */; };
		8B64C6B3294681EA00652D80 /* HeaderView.xib in Resources */ = {isa = PBXBuildFile; fileRef = 8B64C6B2294681EA00652D80 /* HeaderView.xib */; };
/* End PBXBuildFile section */

/* Begin PBXFileReference section */
		26175A08A01CBE5FD85C9529 /* Pods-WeatherTestApp22.release.xcconfig */ = {isa = PBXFileReference; includeInIndex = 1; lastKnownFileType = text.xcconfig; name = "Pods-WeatherTestApp22.release.xcconfig"; path = "Target Support Files/Pods-WeatherTestApp22/Pods-WeatherTestApp22.release.xcconfig"; sourceTree = "<group>"; };
		2D7EFE4E072651E163515196 /* Pods-WeatherTestApp22.debug.xcconfig */ = {isa = PBXFileReference; includeInIndex = 1; lastKnownFileType = text.xcconfig; name = "Pods-WeatherTestApp22.debug.xcconfig"; path = "Target Support Files/Pods-WeatherTestApp22/Pods-WeatherTestApp22.debug.xcconfig"; sourceTree = "<group>"; };
		8B0C23D92946972E0015B9F4 /* Colors.xcassets */ = {isa = PBXFileReference; lastKnownFileType = folder.assetcatalog; path = Colors.xcassets; sourceTree = "<group>"; };
		8B0C23DB2946A41F0015B9F4 /* WeatherEndpoints.swift */ = {isa = PBXFileReference; lastKnownFileType = sourcecode.swift; path = WeatherEndpoints.swift; sourceTree = "<group>"; };
		8B0C23DD2946A67F0015B9F4 /* Forecast.swift */ = {isa = PBXFileReference; lastKnownFileType = sourcecode.swift; path = Forecast.swift; sourceTree = "<group>"; };
		8B64C66729465F4300652D80 /* WeatherTestApp22.app */ = {isa = PBXFileReference; explicitFileType = wrapper.application; includeInIndex = 0; path = WeatherTestApp22.app; sourceTree = BUILT_PRODUCTS_DIR; };
		8B64C66A29465F4300652D80 /* AppDelegate.swift */ = {isa = PBXFileReference; lastKnownFileType = sourcecode.swift; path = AppDelegate.swift; sourceTree = "<group>"; };
		8B64C66C29465F4300652D80 /* SceneDelegate.swift */ = {isa = PBXFileReference; lastKnownFileType = sourcecode.swift; path = SceneDelegate.swift; sourceTree = "<group>"; };
		8B64C67329465F4500652D80 /* Assets.xcassets */ = {isa = PBXFileReference; lastKnownFileType = folder.assetcatalog; path = Assets.xcassets; sourceTree = "<group>"; };
		8B64C67629465F4500652D80 /* Base */ = {isa = PBXFileReference; lastKnownFileType = file.storyboard; name = Base; path = Base.lproj/LaunchScreen.storyboard; sourceTree = "<group>"; };
		8B64C67829465F4500652D80 /* Info.plist */ = {isa = PBXFileReference; lastKnownFileType = text.plist.xml; path = Info.plist; sourceTree = "<group>"; };
		8B64C686294668BE00652D80 /* BaseCoordinator.swift */ = {isa = PBXFileReference; lastKnownFileType = sourcecode.swift; path = BaseCoordinator.swift; sourceTree = "<group>"; };
		8B64C6882946690F00652D80 /* AppCoordinator.swift */ = {isa = PBXFileReference; lastKnownFileType = sourcecode.swift; path = AppCoordinator.swift; sourceTree = "<group>"; };
		8B64C69129466C6700652D80 /* MainViewController.swift */ = {isa = PBXFileReference; lastKnownFileType = sourcecode.swift; path = MainViewController.swift; sourceTree = "<group>"; };
		8B64C69229466C6700652D80 /* MainViewController.xib */ = {isa = PBXFileReference; lastKnownFileType = file.xib; path = MainViewController.xib; sourceTree = "<group>"; };
		8B64C69529466EAC00652D80 /* MapViewController.swift */ = {isa = PBXFileReference; lastKnownFileType = sourcecode.swift; path = MapViewController.swift; sourceTree = "<group>"; };
		8B64C69629466EAC00652D80 /* MapViewController.xib */ = {isa = PBXFileReference; lastKnownFileType = file.xib; path = MapViewController.xib; sourceTree = "<group>"; };
		8B64C69929466EC400652D80 /* SearchViewController.swift */ = {isa = PBXFileReference; lastKnownFileType = sourcecode.swift; path = SearchViewController.swift; sourceTree = "<group>"; };
		8B64C69A29466EC400652D80 /* SearchViewController.xib */ = {isa = PBXFileReference; lastKnownFileType = file.xib; path = SearchViewController.xib; sourceTree = "<group>"; };
		8B64C69D2946700500652D80 /* MainCoordinator.swift */ = {isa = PBXFileReference; lastKnownFileType = sourcecode.swift; path = MainCoordinator.swift; sourceTree = "<group>"; };
		8B64C69F2946702B00652D80 /* MainViewModel.swift */ = {isa = PBXFileReference; lastKnownFileType = sourcecode.swift; path = MainViewModel.swift; sourceTree = "<group>"; };
		8B64C6A5294680D000652D80 /* HeaderView.swift */ = {isa = PBXFileReference; lastKnownFileType = sourcecode.swift; path = HeaderView.swift; sourceTree = "<group>"; };
		8B64C6A82946811000652D80 /* HourForecastCollectionViewCell.swift */ = {isa = PBXFileReference; lastKnownFileType = sourcecode.swift; path = HourForecastCollectionViewCell.swift; sourceTree = "<group>"; };
		8B64C6A92946811000652D80 /* HourForecastCollectionViewCell.xib */ = {isa = PBXFileReference; lastKnownFileType = file.xib; path = HourForecastCollectionViewCell.xib; sourceTree = "<group>"; };
		8B64C6AE2946814300652D80 /* DayForecastTableViewCell.swift */ = {isa = PBXFileReference; lastKnownFileType = sourcecode.swift; path = DayForecastTableViewCell.swift; sourceTree = "<group>"; };
		8B64C6AF2946814300652D80 /* DayForecastTableViewCell.xib */ = {isa = PBXFileReference; lastKnownFileType = file.xib; path = DayForecastTableViewCell.xib; sourceTree = "<group>"; };
		8B64C6B2294681EA00652D80 /* HeaderView.xib */ = {isa = PBXFileReference; lastKnownFileType = file.xib; path = HeaderView.xib; sourceTree = "<group>"; };
		BFE0DA8F51223059911AF145 /* Pods_WeatherTestApp22.framework */ = {isa = PBXFileReference; explicitFileType = wrapper.framework; includeInIndex = 0; path = Pods_WeatherTestApp22.framework; sourceTree = BUILT_PRODUCTS_DIR; };
/* End PBXFileReference section */

/* Begin PBXFrameworksBuildPhase section */
		8B64C66429465F4300652D80 /* Frameworks */ = {
			isa = PBXFrameworksBuildPhase;
			buildActionMask = 2147483647;
			files = (
				6FBEFAC9F44A94782F9F6246 /* Pods_WeatherTestApp22.framework in Frameworks */,
			);
			runOnlyForDeploymentPostprocessing = 0;
		};
/* End PBXFrameworksBuildPhase section */

/* Begin PBXGroup section */
		21AB68DAB33C413C6B043EA5 /* Pods */ = {
			isa = PBXGroup;
			children = (
				2D7EFE4E072651E163515196 /* Pods-WeatherTestApp22.debug.xcconfig */,
				26175A08A01CBE5FD85C9529 /* Pods-WeatherTestApp22.release.xcconfig */,
			);
			path = Pods;
			sourceTree = "<group>";
		};
		82DD53C4C27A44956A5F1919 /* Frameworks */ = {
			isa = PBXGroup;
			children = (
				BFE0DA8F51223059911AF145 /* Pods_WeatherTestApp22.framework */,
			);
			name = Frameworks;
			sourceTree = "<group>";
		};
		8B0C23D82946971B0015B9F4 /* Assets */ = {
			isa = PBXGroup;
			children = (
				8B64C67329465F4500652D80 /* Assets.xcassets */,
				8B0C23D92946972E0015B9F4 /* Colors.xcassets */,
			);
			path = Assets;
			sourceTree = "<group>";
		};
		8B64C65E29465F4300652D80 = {
			isa = PBXGroup;
			children = (
				8B64C66929465F4300652D80 /* WeatherTestApp22 */,
				8B64C66829465F4300652D80 /* Products */,
				21AB68DAB33C413C6B043EA5 /* Pods */,
				82DD53C4C27A44956A5F1919 /* Frameworks */,
			);
			sourceTree = "<group>";
		};
		8B64C66829465F4300652D80 /* Products */ = {
			isa = PBXGroup;
			children = (
				8B64C66729465F4300652D80 /* WeatherTestApp22.app */,
			);
			name = Products;
			sourceTree = "<group>";
		};
		8B64C66929465F4300652D80 /* WeatherTestApp22 */ = {
			isa = PBXGroup;
			children = (
				8B0C23D82946971B0015B9F4 /* Assets */,
				8B64C685294668A800652D80 /* BaseCoordinators */,
				8B64C68129465F9900652D80 /* Services */,
				8B64C68029465F9100652D80 /* Models */,
				8B64C6A329467B0000652D80 /* Endpoints */,
				8B64C67E29465F7300652D80 /* UI */,
				8B64C66A29465F4300652D80 /* AppDelegate.swift */,
				8B64C66C29465F4300652D80 /* SceneDelegate.swift */,
				8B64C67529465F4500652D80 /* LaunchScreen.storyboard */,
				8B64C67829465F4500652D80 /* Info.plist */,
			);
			path = WeatherTestApp22;
			sourceTree = "<group>";
		};
		8B64C67E29465F7300652D80 /* UI */ = {
			isa = PBXGroup;
			children = (
				8B64C68229465FA700652D80 /* MainScreen */,
				8B64C68329465FAF00652D80 /* Map */,
				8B64C68429465FB900652D80 /* Search */,
			);
			path = UI;
			sourceTree = "<group>";
		};
		8B64C68029465F9100652D80 /* Models */ = {
			isa = PBXGroup;
			children = (
				8B0C23DD2946A67F0015B9F4 /* Forecast.swift */,
			);
			path = Models;
			sourceTree = "<group>";
		};
		8B64C68129465F9900652D80 /* Services */ = {
			isa = PBXGroup;
			children = (
			);
			path = Services;
			sourceTree = "<group>";
		};
		8B64C68229465FA700652D80 /* MainScreen */ = {
			isa = PBXGroup;
			children = (
				8B64C6A7294680EB00652D80 /* Cells */,
				8B64C6A42946809D00652D80 /* HeaderView */,
				8B64C69129466C6700652D80 /* MainViewController.swift */,
				8B64C69229466C6700652D80 /* MainViewController.xib */,
				8B64C69D2946700500652D80 /* MainCoordinator.swift */,
				8B64C69F2946702B00652D80 /* MainViewModel.swift */,
			);
			path = MainScreen;
			sourceTree = "<group>";
		};
		8B64C68329465FAF00652D80 /* Map */ = {
			isa = PBXGroup;
			children = (
				8B64C69529466EAC00652D80 /* MapViewController.swift */,
				8B64C69629466EAC00652D80 /* MapViewController.xib */,
			);
			path = Map;
			sourceTree = "<group>";
		};
		8B64C68429465FB900652D80 /* Search */ = {
			isa = PBXGroup;
			children = (
				8B64C69929466EC400652D80 /* SearchViewController.swift */,
				8B64C69A29466EC400652D80 /* SearchViewController.xib */,
			);
			path = Search;
			sourceTree = "<group>";
		};
		8B64C685294668A800652D80 /* BaseCoordinators */ = {
			isa = PBXGroup;
			children = (
				8B64C686294668BE00652D80 /* BaseCoordinator.swift */,
				8B64C6882946690F00652D80 /* AppCoordinator.swift */,
			);
			path = BaseCoordinators;
			sourceTree = "<group>";
		};
		8B64C6A329467B0000652D80 /* Endpoints */ = {
			isa = PBXGroup;
			children = (
				8B0C23DB2946A41F0015B9F4 /* WeatherEndpoints.swift */,
			);
			path = Endpoints;
			sourceTree = "<group>";
		};
		8B64C6A42946809D00652D80 /* HeaderView */ = {
			isa = PBXGroup;
			children = (
				8B64C6A5294680D000652D80 /* HeaderView.swift */,
				8B64C6B2294681EA00652D80 /* HeaderView.xib */,
			);
			path = HeaderView;
			sourceTree = "<group>";
		};
		8B64C6A7294680EB00652D80 /* Cells */ = {
			isa = PBXGroup;
			children = (
				8B64C6A82946811000652D80 /* HourForecastCollectionViewCell.swift */,
				8B64C6A92946811000652D80 /* HourForecastCollectionViewCell.xib */,
				8B64C6AE2946814300652D80 /* DayForecastTableViewCell.swift */,
				8B64C6AF2946814300652D80 /* DayForecastTableViewCell.xib */,
			);
			path = Cells;
			sourceTree = "<group>";
		};
/* End PBXGroup section */

/* Begin PBXNativeTarget section */
		8B64C66629465F4300652D80 /* WeatherTestApp22 */ = {
			isa = PBXNativeTarget;
			buildConfigurationList = 8B64C67B29465F4500652D80 /* Build configuration list for PBXNativeTarget "WeatherTestApp22" */;
			buildPhases = (
				E7B6F5347094521EE52BA21F /* [CP] Check Pods Manifest.lock */,
				8B64C66329465F4300652D80 /* Sources */,
				8B64C66429465F4300652D80 /* Frameworks */,
				8B64C66529465F4300652D80 /* Resources */,
				78C82CEE3A79446699022993 /* [CP] Embed Pods Frameworks */,
			);
			buildRules = (
			);
			dependencies = (
			);
			name = WeatherTestApp22;
			productName = WeatherTestApp22;
			productReference = 8B64C66729465F4300652D80 /* WeatherTestApp22.app */;
			productType = "com.apple.product-type.application";
		};
/* End PBXNativeTarget section */

/* Begin PBXProject section */
		8B64C65F29465F4300652D80 /* Project object */ = {
			isa = PBXProject;
			attributes = {
				BuildIndependentTargetsInParallel = 1;
				LastSwiftUpdateCheck = 1400;
				LastUpgradeCheck = 1400;
				TargetAttributes = {
					8B64C66629465F4300652D80 = {
						CreatedOnToolsVersion = 14.0;
					};
				};
			};
			buildConfigurationList = 8B64C66229465F4300652D80 /* Build configuration list for PBXProject "WeatherTestApp22" */;
			compatibilityVersion = "Xcode 14.0";
			developmentRegion = en;
			hasScannedForEncodings = 0;
			knownRegions = (
				en,
				Base,
			);
			mainGroup = 8B64C65E29465F4300652D80;
			productRefGroup = 8B64C66829465F4300652D80 /* Products */;
			projectDirPath = "";
			projectRoot = "";
			targets = (
				8B64C66629465F4300652D80 /* WeatherTestApp22 */,
			);
		};
/* End PBXProject section */

/* Begin PBXResourcesBuildPhase section */
		8B64C66529465F4300652D80 /* Resources */ = {
			isa = PBXResourcesBuildPhase;
			buildActionMask = 2147483647;
			files = (
				8B0C23DA2946972E0015B9F4 /* Colors.xcassets in Resources */,
				8B64C67729465F4500652D80 /* LaunchScreen.storyboard in Resources */,
				8B64C6AB2946811000652D80 /* HourForecastCollectionViewCell.xib in Resources */,
				8B64C67429465F4500652D80 /* Assets.xcassets in Resources */,
				8B64C6B3294681EA00652D80 /* HeaderView.xib in Resources */,
				8B64C69C29466EC400652D80 /* SearchViewController.xib in Resources */,
				8B64C69829466EAC00652D80 /* MapViewController.xib in Resources */,
				8B64C69429466C6700652D80 /* MainViewController.xib in Resources */,
				8B64C6B12946814300652D80 /* DayForecastTableViewCell.xib in Resources */,
			);
			runOnlyForDeploymentPostprocessing = 0;
		};
/* End PBXResourcesBuildPhase section */

/* Begin PBXShellScriptBuildPhase section */
		78C82CEE3A79446699022993 /* [CP] Embed Pods Frameworks */ = {
			isa = PBXShellScriptBuildPhase;
			buildActionMask = 2147483647;
			files = (
			);
			inputFileListPaths = (
				"${PODS_ROOT}/Target Support Files/Pods-WeatherTestApp22/Pods-WeatherTestApp22-frameworks-${CONFIGURATION}-input-files.xcfilelist",
			);
			name = "[CP] Embed Pods Frameworks";
			outputFileListPaths = (
				"${PODS_ROOT}/Target Support Files/Pods-WeatherTestApp22/Pods-WeatherTestApp22-frameworks-${CONFIGURATION}-output-files.xcfilelist",
			);
			runOnlyForDeploymentPostprocessing = 0;
			shellPath = /bin/sh;
			shellScript = "\"${PODS_ROOT}/Target Support Files/Pods-WeatherTestApp22/Pods-WeatherTestApp22-frameworks.sh\"\n";
			showEnvVarsInLog = 0;
		};
		E7B6F5347094521EE52BA21F /* [CP] Check Pods Manifest.lock */ = {
			isa = PBXShellScriptBuildPhase;
			buildActionMask = 2147483647;
			files = (
			);
			inputFileListPaths = (
			);
			inputPaths = (
				"${PODS_PODFILE_DIR_PATH}/Podfile.lock",
				"${PODS_ROOT}/Manifest.lock",
			);
			name = "[CP] Check Pods Manifest.lock";
			outputFileListPaths = (
			);
			outputPaths = (
				"$(DERIVED_FILE_DIR)/Pods-WeatherTestApp22-checkManifestLockResult.txt",
			);
			runOnlyForDeploymentPostprocessing = 0;
			shellPath = /bin/sh;
			shellScript = "diff \"${PODS_PODFILE_DIR_PATH}/Podfile.lock\" \"${PODS_ROOT}/Manifest.lock\" > /dev/null\nif [ $? != 0 ] ; then\n    # print error to STDERR\n    echo \"error: The sandbox is not in sync with the Podfile.lock. Run 'pod install' or update your CocoaPods installation.\" >&2\n    exit 1\nfi\n# This output is used by Xcode 'outputs' to avoid re-running this script phase.\necho \"SUCCESS\" > \"${SCRIPT_OUTPUT_FILE_0}\"\n";
			showEnvVarsInLog = 0;
		};
/* End PBXShellScriptBuildPhase section */

/* Begin PBXSourcesBuildPhase section */
		8B64C66329465F4300652D80 /* Sources */ = {
			isa = PBXSourcesBuildPhase;
			buildActionMask = 2147483647;
			files = (
				8B64C69B29466EC400652D80 /* SearchViewController.swift in Sources */,
				8B64C66B29465F4300652D80 /* AppDelegate.swift in Sources */,
				8B0C23DE2946A67F0015B9F4 /* Forecast.swift in Sources */,
				8B64C6892946690F00652D80 /* AppCoordinator.swift in Sources */,
				8B64C66D29465F4300652D80 /* SceneDelegate.swift in Sources */,
				8B0C23DC2946A41F0015B9F4 /* WeatherEndpoints.swift in Sources */,
				8B64C6A02946702B00652D80 /* MainViewModel.swift in Sources */,
				8B64C6B02946814300652D80 /* DayForecastTableViewCell.swift in Sources */,
				8B64C6A6294680D000652D80 /* HeaderView.swift in Sources */,
				8B64C69729466EAC00652D80 /* MapViewController.swift in Sources */,
				8B64C6AA2946811000652D80 /* HourForecastCollectionViewCell.swift in Sources */,
				8B64C69E2946700500652D80 /* MainCoordinator.swift in Sources */,
				8B64C687294668BE00652D80 /* BaseCoordinator.swift in Sources */,
				8B64C69329466C6700652D80 /* MainViewController.swift in Sources */,
			);
			runOnlyForDeploymentPostprocessing = 0;
		};
/* End PBXSourcesBuildPhase section */

/* Begin PBXVariantGroup section */
		8B64C67529465F4500652D80 /* LaunchScreen.storyboard */ = {
			isa = PBXVariantGroup;
			children = (
				8B64C67629465F4500652D80 /* Base */,
			);
			name = LaunchScreen.storyboard;
			sourceTree = "<group>";
		};
/* End PBXVariantGroup section */

/* Begin XCBuildConfiguration section */
		8B64C67929465F4500652D80 /* Debug */ = {
			isa = XCBuildConfiguration;
			buildSettings = {
				ALWAYS_SEARCH_USER_PATHS = NO;
				CLANG_ANALYZER_NONNULL = YES;
				CLANG_ANALYZER_NUMBER_OBJECT_CONVERSION = YES_AGGRESSIVE;
				CLANG_CXX_LANGUAGE_STANDARD = "gnu++20";
				CLANG_ENABLE_MODULES = YES;
				CLANG_ENABLE_OBJC_ARC = YES;
				CLANG_ENABLE_OBJC_WEAK = YES;
				CLANG_WARN_BLOCK_CAPTURE_AUTORELEASING = YES;
				CLANG_WARN_BOOL_CONVERSION = YES;
				CLANG_WARN_COMMA = YES;
				CLANG_WARN_CONSTANT_CONVERSION = YES;
				CLANG_WARN_DEPRECATED_OBJC_IMPLEMENTATIONS = YES;
				CLANG_WARN_DIRECT_OBJC_ISA_USAGE = YES_ERROR;
				CLANG_WARN_DOCUMENTATION_COMMENTS = YES;
				CLANG_WARN_EMPTY_BODY = YES;
				CLANG_WARN_ENUM_CONVERSION = YES;
				CLANG_WARN_INFINITE_RECURSION = YES;
				CLANG_WARN_INT_CONVERSION = YES;
				CLANG_WARN_NON_LITERAL_NULL_CONVERSION = YES;
				CLANG_WARN_OBJC_IMPLICIT_RETAIN_SELF = YES;
				CLANG_WARN_OBJC_LITERAL_CONVERSION = YES;
				CLANG_WARN_OBJC_ROOT_CLASS = YES_ERROR;
				CLANG_WARN_QUOTED_INCLUDE_IN_FRAMEWORK_HEADER = YES;
				CLANG_WARN_RANGE_LOOP_ANALYSIS = YES;
				CLANG_WARN_STRICT_PROTOTYPES = YES;
				CLANG_WARN_SUSPICIOUS_MOVE = YES;
				CLANG_WARN_UNGUARDED_AVAILABILITY = YES_AGGRESSIVE;
				CLANG_WARN_UNREACHABLE_CODE = YES;
				CLANG_WARN__DUPLICATE_METHOD_MATCH = YES;
				COPY_PHASE_STRIP = NO;
				DEBUG_INFORMATION_FORMAT = dwarf;
				ENABLE_STRICT_OBJC_MSGSEND = YES;
				ENABLE_TESTABILITY = YES;
				GCC_C_LANGUAGE_STANDARD = gnu11;
				GCC_DYNAMIC_NO_PIC = NO;
				GCC_NO_COMMON_BLOCKS = YES;
				GCC_OPTIMIZATION_LEVEL = 0;
				GCC_PREPROCESSOR_DEFINITIONS = (
					"DEBUG=1",
					"$(inherited)",
				);
				GCC_WARN_64_TO_32_BIT_CONVERSION = YES;
				GCC_WARN_ABOUT_RETURN_TYPE = YES_ERROR;
				GCC_WARN_UNDECLARED_SELECTOR = YES;
				GCC_WARN_UNINITIALIZED_AUTOS = YES_AGGRESSIVE;
				GCC_WARN_UNUSED_FUNCTION = YES;
				GCC_WARN_UNUSED_VARIABLE = YES;
				IPHONEOS_DEPLOYMENT_TARGET = 15.0;
				MTL_ENABLE_DEBUG_INFO = INCLUDE_SOURCE;
				MTL_FAST_MATH = YES;
				ONLY_ACTIVE_ARCH = YES;
				SDKROOT = iphoneos;
				SWIFT_ACTIVE_COMPILATION_CONDITIONS = DEBUG;
				SWIFT_OPTIMIZATION_LEVEL = "-Onone";
			};
			name = Debug;
		};
		8B64C67A29465F4500652D80 /* Release */ = {
			isa = XCBuildConfiguration;
			buildSettings = {
				ALWAYS_SEARCH_USER_PATHS = NO;
				CLANG_ANALYZER_NONNULL = YES;
				CLANG_ANALYZER_NUMBER_OBJECT_CONVERSION = YES_AGGRESSIVE;
				CLANG_CXX_LANGUAGE_STANDARD = "gnu++20";
				CLANG_ENABLE_MODULES = YES;
				CLANG_ENABLE_OBJC_ARC = YES;
				CLANG_ENABLE_OBJC_WEAK = YES;
				CLANG_WARN_BLOCK_CAPTURE_AUTORELEASING = YES;
				CLANG_WARN_BOOL_CONVERSION = YES;
				CLANG_WARN_COMMA = YES;
				CLANG_WARN_CONSTANT_CONVERSION = YES;
				CLANG_WARN_DEPRECATED_OBJC_IMPLEMENTATIONS = YES;
				CLANG_WARN_DIRECT_OBJC_ISA_USAGE = YES_ERROR;
				CLANG_WARN_DOCUMENTATION_COMMENTS = YES;
				CLANG_WARN_EMPTY_BODY = YES;
				CLANG_WARN_ENUM_CONVERSION = YES;
				CLANG_WARN_INFINITE_RECURSION = YES;
				CLANG_WARN_INT_CONVERSION = YES;
				CLANG_WARN_NON_LITERAL_NULL_CONVERSION = YES;
				CLANG_WARN_OBJC_IMPLICIT_RETAIN_SELF = YES;
				CLANG_WARN_OBJC_LITERAL_CONVERSION = YES;
				CLANG_WARN_OBJC_ROOT_CLASS = YES_ERROR;
				CLANG_WARN_QUOTED_INCLUDE_IN_FRAMEWORK_HEADER = YES;
				CLANG_WARN_RANGE_LOOP_ANALYSIS = YES;
				CLANG_WARN_STRICT_PROTOTYPES = YES;
				CLANG_WARN_SUSPICIOUS_MOVE = YES;
				CLANG_WARN_UNGUARDED_AVAILABILITY = YES_AGGRESSIVE;
				CLANG_WARN_UNREACHABLE_CODE = YES;
				CLANG_WARN__DUPLICATE_METHOD_MATCH = YES;
				COPY_PHASE_STRIP = NO;
				DEBUG_INFORMATION_FORMAT = "dwarf-with-dsym";
				ENABLE_NS_ASSERTIONS = NO;
				ENABLE_STRICT_OBJC_MSGSEND = YES;
				GCC_C_LANGUAGE_STANDARD = gnu11;
				GCC_NO_COMMON_BLOCKS = YES;
				GCC_WARN_64_TO_32_BIT_CONVERSION = YES;
				GCC_WARN_ABOUT_RETURN_TYPE = YES_ERROR;
				GCC_WARN_UNDECLARED_SELECTOR = YES;
				GCC_WARN_UNINITIALIZED_AUTOS = YES_AGGRESSIVE;
				GCC_WARN_UNUSED_FUNCTION = YES;
				GCC_WARN_UNUSED_VARIABLE = YES;
				IPHONEOS_DEPLOYMENT_TARGET = 15.0;
				MTL_ENABLE_DEBUG_INFO = NO;
				MTL_FAST_MATH = YES;
				SDKROOT = iphoneos;
				SWIFT_COMPILATION_MODE = wholemodule;
				SWIFT_OPTIMIZATION_LEVEL = "-O";
				VALIDATE_PRODUCT = YES;
			};
			name = Release;
		};
		8B64C67C29465F4500652D80 /* Debug */ = {
			isa = XCBuildConfiguration;
			baseConfigurationReference = 2D7EFE4E072651E163515196 /* Pods-WeatherTestApp22.debug.xcconfig */;
			buildSettings = {
				ASSETCATALOG_COMPILER_APPICON_NAME = AppIcon;
				ASSETCATALOG_COMPILER_GLOBAL_ACCENT_COLOR_NAME = AccentColor;
				CODE_SIGN_STYLE = Automatic;
				CURRENT_PROJECT_VERSION = 1;
				DEVELOPMENT_TEAM = 27G7PRP6RR;
				GENERATE_INFOPLIST_FILE = YES;
				INFOPLIST_FILE = WeatherTestApp22/Info.plist;
				INFOPLIST_KEY_NSLocationUsageDescription = "We want to use your location";
				INFOPLIST_KEY_NSLocationWhenInUseUsageDescription = "We want to use your location";
				INFOPLIST_KEY_UIApplicationSupportsIndirectInputEvents = YES;
				INFOPLIST_KEY_UILaunchStoryboardName = LaunchScreen;
				INFOPLIST_KEY_UISupportedInterfaceOrientations_iPad = "UIInterfaceOrientationPortrait UIInterfaceOrientationPortraitUpsideDown UIInterfaceOrientationLandscapeLeft UIInterfaceOrientationLandscapeRight";
				INFOPLIST_KEY_UISupportedInterfaceOrientations_iPhone = "UIInterfaceOrientationPortrait UIInterfaceOrientationLandscapeLeft UIInterfaceOrientationLandscapeRight";
				IPHONEOS_DEPLOYMENT_TARGET = 15.0;
				LD_RUNPATH_SEARCH_PATHS = (
					"$(inherited)",
					"@executable_path/Frameworks",
				);
				MARKETING_VERSION = 1.0;
				PRODUCT_BUNDLE_IDENTIFIER = com.andy.WeatherTestApp22;
				PRODUCT_NAME = "$(TARGET_NAME)";
				SWIFT_EMIT_LOC_STRINGS = YES;
				SWIFT_VERSION = 5.0;
				TARGETED_DEVICE_FAMILY = "1,2";
			};
			name = Debug;
		};
		8B64C67D29465F4500652D80 /* Release */ = {
			isa = XCBuildConfiguration;
			baseConfigurationReference = 26175A08A01CBE5FD85C9529 /* Pods-WeatherTestApp22.release.xcconfig */;
			buildSettings = {
				ASSETCATALOG_COMPILER_APPICON_NAME = AppIcon;
				ASSETCATALOG_COMPILER_GLOBAL_ACCENT_COLOR_NAME = AccentColor;
				CODE_SIGN_STYLE = Automatic;
				CURRENT_PROJECT_VERSION = 1;
				DEVELOPMENT_TEAM = 27G7PRP6RR;
				GENERATE_INFOPLIST_FILE = YES;
				INFOPLIST_FILE = WeatherTestApp22/Info.plist;
				INFOPLIST_KEY_NSLocationUsageDescription = "We want to use your location";
				INFOPLIST_KEY_NSLocationWhenInUseUsageDescription = "We want to use your location";
				INFOPLIST_KEY_UIApplicationSupportsIndirectInputEvents = YES;
				INFOPLIST_KEY_UILaunchStoryboardName = LaunchScreen;
				INFOPLIST_KEY_UISupportedInterfaceOrientations_iPad = "UIInterfaceOrientationPortrait UIInterfaceOrientationPortraitUpsideDown UIInterfaceOrientationLandscapeLeft UIInterfaceOrientationLandscapeRight";
				INFOPLIST_KEY_UISupportedInterfaceOrientations_iPhone = "UIInterfaceOrientationPortrait UIInterfaceOrientationLandscapeLeft UIInterfaceOrientationLandscapeRight";
				IPHONEOS_DEPLOYMENT_TARGET = 15.0;
				LD_RUNPATH_SEARCH_PATHS = (
					"$(inherited)",
					"@executable_path/Frameworks",
				);
				MARKETING_VERSION = 1.0;
				PRODUCT_BUNDLE_IDENTIFIER = com.andy.WeatherTestApp22;
				PRODUCT_NAME = "$(TARGET_NAME)";
				SWIFT_EMIT_LOC_STRINGS = YES;
				SWIFT_VERSION = 5.0;
				TARGETED_DEVICE_FAMILY = "1,2";
			};
			name = Release;
		};
/* End XCBuildConfiguration section */

/* Begin XCConfigurationList section */
		8B64C66229465F4300652D80 /* Build configuration list for PBXProject "WeatherTestApp22" */ = {
			isa = XCConfigurationList;
			buildConfigurations = (
				8B64C67929465F4500652D80 /* Debug */,
				8B64C67A29465F4500652D80 /* Release */,
			);
			defaultConfigurationIsVisible = 0;
			defaultConfigurationName = Release;
		};
		8B64C67B29465F4500652D80 /* Build configuration list for PBXNativeTarget "WeatherTestApp22" */ = {
			isa = XCConfigurationList;
			buildConfigurations = (
				8B64C67C29465F4500652D80 /* Debug */,
				8B64C67D29465F4500652D80 /* Release */,
			);
			defaultConfigurationIsVisible = 0;
			defaultConfigurationName = Release;
		};
/* End XCConfigurationList section */
	};
	rootObject = 8B64C65F29465F4300652D80 /* Project object */;
}
